// !$*UTF8*$!
{
	archiveVersion = 1;
	classes = {
	};
	objectVersion = 48;
	objects = {

/* Begin PBXBuildFile section */
		152ACCD42137902400B8CF1E /* HttpTool.swift in Sources */ = {isa = PBXBuildFile; fileRef = 152ACCD32137902400B8CF1E /* HttpTool.swift */; };
		152ACCE22137B80C00B8CF1E /* HttpConst.swift in Sources */ = {isa = PBXBuildFile; fileRef = 152ACCE02137B80C00B8CF1E /* HttpConst.swift */; };
		152ACCE32137B80C00B8CF1E /* Const.swift in Sources */ = {isa = PBXBuildFile; fileRef = 152ACCE12137B80C00B8CF1E /* Const.swift */; };
		152ACCEC2137B88700B8CF1E /* UIColor+Category.swift in Sources */ = {isa = PBXBuildFile; fileRef = 152ACCE42137B88700B8CF1E /* UIColor+Category.swift */; };
		152ACCED2137B88700B8CF1E /* NavigationController+Category.swift in Sources */ = {isa = PBXBuildFile; fileRef = 152ACCE52137B88700B8CF1E /* NavigationController+Category.swift */; };
		152ACCEF2137B88700B8CF1E /* NSDate+Category.swift in Sources */ = {isa = PBXBuildFile; fileRef = 152ACCE72137B88700B8CF1E /* NSDate+Category.swift */; };
		152ACCF02137B88700B8CF1E /* UIBarButtonItem+Categary.swift in Sources */ = {isa = PBXBuildFile; fileRef = 152ACCE82137B88700B8CF1E /* UIBarButtonItem+Categary.swift */; };
		152ACCF12137B88700B8CF1E /* UIImage+Category.swift in Sources */ = {isa = PBXBuildFile; fileRef = 152ACCE92137B88700B8CF1E /* UIImage+Category.swift */; };
		152ACCF22137B88700B8CF1E /* String+Category.swift in Sources */ = {isa = PBXBuildFile; fileRef = 152ACCEA2137B88700B8CF1E /* String+Category.swift */; };
		152ACCF32137B88700B8CF1E /* UIView+Category.swift in Sources */ = {isa = PBXBuildFile; fileRef = 152ACCEB2137B88700B8CF1E /* UIView+Category.swift */; };
		152ACCFA2137BAC900B8CF1E /* BaseViewController.m in Sources */ = {isa = PBXBuildFile; fileRef = 152ACCF92137BAC900B8CF1E /* BaseViewController.m */; };
		152ACCFD2137BB0000B8CF1E /* FPSLabel.swift in Sources */ = {isa = PBXBuildFile; fileRef = 152ACCFC2137BB0000B8CF1E /* FPSLabel.swift */; };
		1567A0EA2136952D00ABDAE5 /* AppDelegate.swift in Sources */ = {isa = PBXBuildFile; fileRef = 1567A0E92136952D00ABDAE5 /* AppDelegate.swift */; };
		1567A0EC2136952D00ABDAE5 /* ViewController.swift in Sources */ = {isa = PBXBuildFile; fileRef = 1567A0EB2136952D00ABDAE5 /* ViewController.swift */; };
		1567A0EF2136952D00ABDAE5 /* Main.storyboard in Resources */ = {isa = PBXBuildFile; fileRef = 1567A0ED2136952D00ABDAE5 /* Main.storyboard */; };
		1567A0F12136952D00ABDAE5 /* Assets.xcassets in Resources */ = {isa = PBXBuildFile; fileRef = 1567A0F02136952D00ABDAE5 /* Assets.xcassets */; };
		1567A0F42136952D00ABDAE5 /* LaunchScreen.storyboard in Resources */ = {isa = PBXBuildFile; fileRef = 1567A0F22136952D00ABDAE5 /* LaunchScreen.storyboard */; };
		1567A0FF2136952D00ABDAE5 /* BaseAppFrameworkSwiftTests.swift in Sources */ = {isa = PBXBuildFile; fileRef = 1567A0FE2136952D00ABDAE5 /* BaseAppFrameworkSwiftTests.swift */; };
		1567A10A2136952D00ABDAE5 /* BaseAppFrameworkSwiftUITests.swift in Sources */ = {isa = PBXBuildFile; fileRef = 1567A1092136952D00ABDAE5 /* BaseAppFrameworkSwiftUITests.swift */; };
		1567A12A2136982600ABDAE5 /* HomeViewController.swift in Sources */ = {isa = PBXBuildFile; fileRef = 1567A1292136982600ABDAE5 /* HomeViewController.swift */; };
		1567A13121369B5900ABDAE5 /* SPNavigationController.swift in Sources */ = {isa = PBXBuildFile; fileRef = 1567A13021369B5900ABDAE5 /* SPNavigationController.swift */; };
		1567A13321369D0300ABDAE5 /* SPTabBarController.swift in Sources */ = {isa = PBXBuildFile; fileRef = 1567A13221369D0300ABDAE5 /* SPTabBarController.swift */; };
		15F0B7D72138DAFB00B35629 /* UserInfoTool.swift in Sources */ = {isa = PBXBuildFile; fileRef = 15F0B7D62138DAFB00B35629 /* UserInfoTool.swift */; };
		8D029079C93261A07CFFBEFA /* Pods_BaseAppFrameworkSwift.framework in Frameworks */ = {isa = PBXBuildFile; fileRef = 5F383A942E08CA1B263DF6ED /* Pods_BaseAppFrameworkSwift.framework */; };
/* End PBXBuildFile section */

/* Begin PBXContainerItemProxy section */
		1567A0FB2136952D00ABDAE5 /* PBXContainerItemProxy */ = {
			isa = PBXContainerItemProxy;
			containerPortal = 1567A0DE2136952D00ABDAE5 /* Project object */;
			proxyType = 1;
			remoteGlobalIDString = 1567A0E52136952D00ABDAE5;
			remoteInfo = BaseAppFrameworkSwift;
		};
		1567A1062136952D00ABDAE5 /* PBXContainerItemProxy */ = {
			isa = PBXContainerItemProxy;
			containerPortal = 1567A0DE2136952D00ABDAE5 /* Project object */;
			proxyType = 1;
			remoteGlobalIDString = 1567A0E52136952D00ABDAE5;
			remoteInfo = BaseAppFrameworkSwift;
		};
/* End PBXContainerItemProxy section */

/* Begin PBXFileReference section */
		152ACCD32137902400B8CF1E /* HttpTool.swift */ = {isa = PBXFileReference; lastKnownFileType = sourcecode.swift; path = HttpTool.swift; sourceTree = "<group>"; };
		152ACCE02137B80C00B8CF1E /* HttpConst.swift */ = {isa = PBXFileReference; fileEncoding = 4; lastKnownFileType = sourcecode.swift; path = HttpConst.swift; sourceTree = "<group>"; };
		152ACCE12137B80C00B8CF1E /* Const.swift */ = {isa = PBXFileReference; fileEncoding = 4; lastKnownFileType = sourcecode.swift; path = Const.swift; sourceTree = "<group>"; };
		152ACCE42137B88700B8CF1E /* UIColor+Category.swift */ = {isa = PBXFileReference; fileEncoding = 4; lastKnownFileType = sourcecode.swift; path = "UIColor+Category.swift"; sourceTree = "<group>"; };
		152ACCE52137B88700B8CF1E /* NavigationController+Category.swift */ = {isa = PBXFileReference; fileEncoding = 4; lastKnownFileType = sourcecode.swift; path = "NavigationController+Category.swift"; sourceTree = "<group>"; };
		152ACCE72137B88700B8CF1E /* NSDate+Category.swift */ = {isa = PBXFileReference; fileEncoding = 4; lastKnownFileType = sourcecode.swift; path = "NSDate+Category.swift"; sourceTree = "<group>"; };
		152ACCE82137B88700B8CF1E /* UIBarButtonItem+Categary.swift */ = {isa = PBXFileReference; fileEncoding = 4; lastKnownFileType = sourcecode.swift; path = "UIBarButtonItem+Categary.swift"; sourceTree = "<group>"; };
		152ACCE92137B88700B8CF1E /* UIImage+Category.swift */ = {isa = PBXFileReference; fileEncoding = 4; lastKnownFileType = sourcecode.swift; path = "UIImage+Category.swift"; sourceTree = "<group>"; };
		152ACCEA2137B88700B8CF1E /* String+Category.swift */ = {isa = PBXFileReference; fileEncoding = 4; lastKnownFileType = sourcecode.swift; path = "String+Category.swift"; sourceTree = "<group>"; };
		152ACCEB2137B88700B8CF1E /* UIView+Category.swift */ = {isa = PBXFileReference; fileEncoding = 4; lastKnownFileType = sourcecode.swift; path = "UIView+Category.swift"; sourceTree = "<group>"; };
		152ACCF82137BAC900B8CF1E /* BaseViewController.h */ = {isa = PBXFileReference; lastKnownFileType = sourcecode.c.h; path = BaseViewController.h; sourceTree = "<group>"; };
		152ACCF92137BAC900B8CF1E /* BaseViewController.m */ = {isa = PBXFileReference; lastKnownFileType = sourcecode.c.objc; path = BaseViewController.m; sourceTree = "<group>"; };
		152ACCFC2137BB0000B8CF1E /* FPSLabel.swift */ = {isa = PBXFileReference; fileEncoding = 4; lastKnownFileType = sourcecode.swift; path = FPSLabel.swift; sourceTree = "<group>"; };
		1567A0E62136952D00ABDAE5 /* BaseAppFrameworkSwift.app */ = {isa = PBXFileReference; explicitFileType = wrapper.application; includeInIndex = 0; path = BaseAppFrameworkSwift.app; sourceTree = BUILT_PRODUCTS_DIR; };
		1567A0E92136952D00ABDAE5 /* AppDelegate.swift */ = {isa = PBXFileReference; lastKnownFileType = sourcecode.swift; path = AppDelegate.swift; sourceTree = "<group>"; };
		1567A0EB2136952D00ABDAE5 /* ViewController.swift */ = {isa = PBXFileReference; lastKnownFileType = sourcecode.swift; path = ViewController.swift; sourceTree = "<group>"; };
		1567A0EE2136952D00ABDAE5 /* Base */ = {isa = PBXFileReference; lastKnownFileType = file.storyboard; name = Base; path = Base.lproj/Main.storyboard; sourceTree = "<group>"; };
		1567A0F02136952D00ABDAE5 /* Assets.xcassets */ = {isa = PBXFileReference; lastKnownFileType = folder.assetcatalog; path = Assets.xcassets; sourceTree = "<group>"; };
		1567A0F32136952D00ABDAE5 /* Base */ = {isa = PBXFileReference; lastKnownFileType = file.storyboard; name = Base; path = Base.lproj/LaunchScreen.storyboard; sourceTree = "<group>"; };
		1567A0F52136952D00ABDAE5 /* Info.plist */ = {isa = PBXFileReference; lastKnownFileType = text.plist.xml; path = Info.plist; sourceTree = "<group>"; };
		1567A0FA2136952D00ABDAE5 /* BaseAppFrameworkSwiftTests.xctest */ = {isa = PBXFileReference; explicitFileType = wrapper.cfbundle; includeInIndex = 0; path = BaseAppFrameworkSwiftTests.xctest; sourceTree = BUILT_PRODUCTS_DIR; };
		1567A0FE2136952D00ABDAE5 /* BaseAppFrameworkSwiftTests.swift */ = {isa = PBXFileReference; lastKnownFileType = sourcecode.swift; path = BaseAppFrameworkSwiftTests.swift; sourceTree = "<group>"; };
		1567A1002136952D00ABDAE5 /* Info.plist */ = {isa = PBXFileReference; lastKnownFileType = text.plist.xml; path = Info.plist; sourceTree = "<group>"; };
		1567A1052136952D00ABDAE5 /* BaseAppFrameworkSwiftUITests.xctest */ = {isa = PBXFileReference; explicitFileType = wrapper.cfbundle; includeInIndex = 0; path = BaseAppFrameworkSwiftUITests.xctest; sourceTree = BUILT_PRODUCTS_DIR; };
		1567A1092136952D00ABDAE5 /* BaseAppFrameworkSwiftUITests.swift */ = {isa = PBXFileReference; lastKnownFileType = sourcecode.swift; path = BaseAppFrameworkSwiftUITests.swift; sourceTree = "<group>"; };
		1567A10B2136952D00ABDAE5 /* Info.plist */ = {isa = PBXFileReference; lastKnownFileType = text.plist.xml; path = Info.plist; sourceTree = "<group>"; };
		1567A1292136982600ABDAE5 /* HomeViewController.swift */ = {isa = PBXFileReference; lastKnownFileType = sourcecode.swift; path = HomeViewController.swift; sourceTree = "<group>"; };
		1567A12B2136988B00ABDAE5 /* Bridging-Header.h */ = {isa = PBXFileReference; fileEncoding = 4; lastKnownFileType = sourcecode.c.h; path = "Bridging-Header.h"; sourceTree = "<group>"; };
		1567A13021369B5900ABDAE5 /* SPNavigationController.swift */ = {isa = PBXFileReference; lastKnownFileType = sourcecode.swift; path = SPNavigationController.swift; sourceTree = "<group>"; };
		1567A13221369D0300ABDAE5 /* SPTabBarController.swift */ = {isa = PBXFileReference; lastKnownFileType = sourcecode.swift; path = SPTabBarController.swift; sourceTree = "<group>"; };
		15F0B7D62138DAFB00B35629 /* UserInfoTool.swift */ = {isa = PBXFileReference; lastKnownFileType = sourcecode.swift; path = UserInfoTool.swift; sourceTree = "<group>"; };
		5F383A942E08CA1B263DF6ED /* Pods_BaseAppFrameworkSwift.framework */ = {isa = PBXFileReference; explicitFileType = wrapper.framework; includeInIndex = 0; path = Pods_BaseAppFrameworkSwift.framework; sourceTree = BUILT_PRODUCTS_DIR; };
		6E90DB002493CE74E00ED9E7 /* Pods-BaseAppFrameworkSwift.release.xcconfig */ = {isa = PBXFileReference; includeInIndex = 1; lastKnownFileType = text.xcconfig; name = "Pods-BaseAppFrameworkSwift.release.xcconfig"; path = "Pods/Target Support Files/Pods-BaseAppFrameworkSwift/Pods-BaseAppFrameworkSwift.release.xcconfig"; sourceTree = "<group>"; };
		CC0F3EE1D6772D214CDDACB3 /* Pods-BaseAppFrameworkSwift.debug.xcconfig */ = {isa = PBXFileReference; includeInIndex = 1; lastKnownFileType = text.xcconfig; name = "Pods-BaseAppFrameworkSwift.debug.xcconfig"; path = "Pods/Target Support Files/Pods-BaseAppFrameworkSwift/Pods-BaseAppFrameworkSwift.debug.xcconfig"; sourceTree = "<group>"; };
/* End PBXFileReference section */

/* Begin PBXFrameworksBuildPhase section */
		1567A0E32136952D00ABDAE5 /* Frameworks */ = {
			isa = PBXFrameworksBuildPhase;
			buildActionMask = 2147483647;
			files = (
				8D029079C93261A07CFFBEFA /* Pods_BaseAppFrameworkSwift.framework in Frameworks */,
			);
			runOnlyForDeploymentPostprocessing = 0;
		};
		1567A0F72136952D00ABDAE5 /* Frameworks */ = {
			isa = PBXFrameworksBuildPhase;
			buildActionMask = 2147483647;
			files = (
			);
			runOnlyForDeploymentPostprocessing = 0;
		};
		1567A1022136952D00ABDAE5 /* Frameworks */ = {
			isa = PBXFrameworksBuildPhase;
			buildActionMask = 2147483647;
			files = (
			);
			runOnlyForDeploymentPostprocessing = 0;
		};
/* End PBXFrameworksBuildPhase section */

/* Begin PBXGroup section */
		152ACCD221378EDD00B8CF1E /* HttpTool(网络请求) */ = {
			isa = PBXGroup;
			children = (
				152ACCD32137902400B8CF1E /* HttpTool.swift */,
				152ACCE02137B80C00B8CF1E /* HttpConst.swift */,
			);
			path = "HttpTool(网络请求)";
			sourceTree = "<group>";
		};
		152ACCDF2137B7CD00B8CF1E /* Extension(扩展) */ = {
			isa = PBXGroup;
			children = (
				152ACCE52137B88700B8CF1E /* NavigationController+Category.swift */,
				152ACCE72137B88700B8CF1E /* NSDate+Category.swift */,
				152ACCEA2137B88700B8CF1E /* String+Category.swift */,
				152ACCE82137B88700B8CF1E /* UIBarButtonItem+Categary.swift */,
				152ACCE42137B88700B8CF1E /* UIColor+Category.swift */,
				152ACCE92137B88700B8CF1E /* UIImage+Category.swift */,
				152ACCEB2137B88700B8CF1E /* UIView+Category.swift */,
			);
			path = "Extension(扩展)";
			sourceTree = "<group>";
		};
		152ACCF42137BA2A00B8CF1E /* Vender(第三方) */ = {
			isa = PBXGroup;
			children = (
				152ACCFB2137BB0000B8CF1E /* FPSLabel */,
			);
			path = "Vender(第三方)";
			sourceTree = "<group>";
		};
		152ACCF52137BA9A00B8CF1E /* Controller */ = {
			isa = PBXGroup;
			children = (
				152ACCF82137BAC900B8CF1E /* BaseViewController.h */,
				152ACCF92137BAC900B8CF1E /* BaseViewController.m */,
			);
			path = Controller;
			sourceTree = "<group>";
		};
		152ACCF62137BA9A00B8CF1E /* Model */ = {
			isa = PBXGroup;
			children = (
			);
			path = Model;
			sourceTree = "<group>";
		};
		152ACCF72137BA9A00B8CF1E /* View */ = {
			isa = PBXGroup;
			children = (
			);
			path = View;
			sourceTree = "<group>";
		};
		152ACCFB2137BB0000B8CF1E /* FPSLabel */ = {
			isa = PBXGroup;
			children = (
				152ACCFC2137BB0000B8CF1E /* FPSLabel.swift */,
			);
			path = FPSLabel;
			sourceTree = "<group>";
		};
		1567A0DD2136952D00ABDAE5 = {
			isa = PBXGroup;
			children = (
				1567A0E82136952D00ABDAE5 /* BaseAppFrameworkSwift */,
				1567A0FD2136952D00ABDAE5 /* BaseAppFrameworkSwiftTests */,
				1567A1082136952D00ABDAE5 /* BaseAppFrameworkSwiftUITests */,
				1567A0E72136952D00ABDAE5 /* Products */,
				A039CF30D7C4C740336CE65F /* Pods */,
				B96DE7C084826F74B4F1DDE1 /* Frameworks */,
			);
			sourceTree = "<group>";
		};
		1567A0E72136952D00ABDAE5 /* Products */ = {
			isa = PBXGroup;
			children = (
				1567A0E62136952D00ABDAE5 /* BaseAppFrameworkSwift.app */,
				1567A0FA2136952D00ABDAE5 /* BaseAppFrameworkSwiftTests.xctest */,
				1567A1052136952D00ABDAE5 /* BaseAppFrameworkSwiftUITests.xctest */,
			);
			name = Products;
			sourceTree = "<group>";
		};
		1567A0E82136952D00ABDAE5 /* BaseAppFrameworkSwift */ = {
			isa = PBXGroup;
			children = (
				1567A12B2136988B00ABDAE5 /* Bridging-Header.h */,
				1567A0E92136952D00ABDAE5 /* AppDelegate.swift */,
				1567A1222136976300ABDAE5 /* Main */,
				1567A11C2136975600ABDAE5 /* Expand */,
				1567A1182136974F00ABDAE5 /* Resource */,
				1567A1172136974500ABDAE5 /* SystemFiles */,
			);
			path = BaseAppFrameworkSwift;
			sourceTree = "<group>";
		};
		1567A0FD2136952D00ABDAE5 /* BaseAppFrameworkSwiftTests */ = {
			isa = PBXGroup;
			children = (
				1567A0FE2136952D00ABDAE5 /* BaseAppFrameworkSwiftTests.swift */,
				1567A1002136952D00ABDAE5 /* Info.plist */,
			);
			path = BaseAppFrameworkSwiftTests;
			sourceTree = "<group>";
		};
		1567A1082136952D00ABDAE5 /* BaseAppFrameworkSwiftUITests */ = {
			isa = PBXGroup;
			children = (
				1567A1092136952D00ABDAE5 /* BaseAppFrameworkSwiftUITests.swift */,
				1567A10B2136952D00ABDAE5 /* Info.plist */,
			);
			path = BaseAppFrameworkSwiftUITests;
			sourceTree = "<group>";
		};
		1567A1172136974500ABDAE5 /* SystemFiles */ = {
			isa = PBXGroup;
			children = (
			);
			path = SystemFiles;
			sourceTree = "<group>";
		};
		1567A1182136974F00ABDAE5 /* Resource */ = {
			isa = PBXGroup;
			children = (
				1567A1192136974F00ABDAE5 /* Golbal */,
				1567A11A2136974F00ABDAE5 /* Image */,
				1567A11B2136974F00ABDAE5 /* Plist */,
			);
			path = Resource;
			sourceTree = "<group>";
		};
		1567A1192136974F00ABDAE5 /* Golbal */ = {
			isa = PBXGroup;
			children = (
				1567A0EB2136952D00ABDAE5 /* ViewController.swift */,
				1567A0ED2136952D00ABDAE5 /* Main.storyboard */,
				1567A0F22136952D00ABDAE5 /* LaunchScreen.storyboard */,
			);
			path = Golbal;
			sourceTree = "<group>";
		};
		1567A11A2136974F00ABDAE5 /* Image */ = {
			isa = PBXGroup;
			children = (
				1567A0F02136952D00ABDAE5 /* Assets.xcassets */,
			);
			path = Image;
			sourceTree = "<group>";
		};
		1567A11B2136974F00ABDAE5 /* Plist */ = {
			isa = PBXGroup;
			children = (
				1567A0F52136952D00ABDAE5 /* Info.plist */,
			);
			path = Plist;
			sourceTree = "<group>";
		};
		1567A11C2136975600ABDAE5 /* Expand */ = {
			isa = PBXGroup;
			children = (
				15F0B7D82138E6C100B35629 /* ObjectCode(OC代码) */,
				152ACCF42137BA2A00B8CF1E /* Vender(第三方) */,
				152ACCDF2137B7CD00B8CF1E /* Extension(扩展) */,
				152ACCD221378EDD00B8CF1E /* HttpTool(网络请求) */,
				1567A11E2136975600ABDAE5 /* Const(常量) */,
				1567A11F2136975600ABDAE5 /* Controls(自定义控件) */,
				1567A1212136975600ABDAE5 /* Tool(工具类) */,
			);
			path = Expand;
			sourceTree = "<group>";
		};
		1567A11E2136975600ABDAE5 /* Const(常量) */ = {
			isa = PBXGroup;
			children = (
				152ACCE12137B80C00B8CF1E /* Const.swift */,
			);
			path = "Const(常量)";
			sourceTree = "<group>";
		};
		1567A11F2136975600ABDAE5 /* Controls(自定义控件) */ = {
			isa = PBXGroup;
			children = (
				1567A13021369B5900ABDAE5 /* SPNavigationController.swift */,
				1567A13221369D0300ABDAE5 /* SPTabBarController.swift */,
			);
			path = "Controls(自定义控件)";
			sourceTree = "<group>";
		};
		1567A1212136975600ABDAE5 /* Tool(工具类) */ = {
			isa = PBXGroup;
			children = (
				15F0B7D62138DAFB00B35629 /* UserInfoTool.swift */,
			);
			path = "Tool(工具类)";
			sourceTree = "<group>";
		};
		1567A1222136976300ABDAE5 /* Main */ = {
			isa = PBXGroup;
			children = (
				1567A1232136976300ABDAE5 /* Base(基类) */,
				1567A1242136976300ABDAE5 /* Section(模块) */,
			);
			path = Main;
			sourceTree = "<group>";
		};
		1567A1232136976300ABDAE5 /* Base(基类) */ = {
			isa = PBXGroup;
			children = (
				152ACCF52137BA9A00B8CF1E /* Controller */,
				152ACCF62137BA9A00B8CF1E /* Model */,
				152ACCF72137BA9A00B8CF1E /* View */,
			);
			path = "Base(基类)";
			sourceTree = "<group>";
		};
		1567A1242136976300ABDAE5 /* Section(模块) */ = {
			isa = PBXGroup;
			children = (
				1567A1252136976300ABDAE5 /* Home(首页) */,
			);
			path = "Section(模块)";
			sourceTree = "<group>";
		};
		1567A1252136976300ABDAE5 /* Home(首页) */ = {
			isa = PBXGroup;
			children = (
				1567A1282136976300ABDAE5 /* Controller */,
				1567A1262136976300ABDAE5 /* Model */,
				1567A1272136976300ABDAE5 /* View */,
			);
			path = "Home(首页)";
			sourceTree = "<group>";
		};
		1567A1262136976300ABDAE5 /* Model */ = {
			isa = PBXGroup;
			children = (
			);
			path = Model;
			sourceTree = "<group>";
		};
		1567A1272136976300ABDAE5 /* View */ = {
			isa = PBXGroup;
			children = (
			);
			path = View;
			sourceTree = "<group>";
		};
		1567A1282136976300ABDAE5 /* Controller */ = {
			isa = PBXGroup;
			children = (
				1567A1292136982600ABDAE5 /* HomeViewController.swift */,
			);
			path = Controller;
			sourceTree = "<group>";
		};
		15F0B7D82138E6C100B35629 /* ObjectCode(OC代码) */ = {
			isa = PBXGroup;
			children = (
			);
			path = "ObjectCode(OC代码)";
			sourceTree = "<group>";
		};
		A039CF30D7C4C740336CE65F /* Pods */ = {
			isa = PBXGroup;
			children = (
				CC0F3EE1D6772D214CDDACB3 /* Pods-BaseAppFrameworkSwift.debug.xcconfig */,
				6E90DB002493CE74E00ED9E7 /* Pods-BaseAppFrameworkSwift.release.xcconfig */,
			);
			name = Pods;
			sourceTree = "<group>";
		};
		B96DE7C084826F74B4F1DDE1 /* Frameworks */ = {
			isa = PBXGroup;
			children = (
				5F383A942E08CA1B263DF6ED /* Pods_BaseAppFrameworkSwift.framework */,
			);
			name = Frameworks;
			sourceTree = "<group>";
		};
/* End PBXGroup section */

/* Begin PBXNativeTarget section */
		1567A0E52136952D00ABDAE5 /* BaseAppFrameworkSwift */ = {
			isa = PBXNativeTarget;
			buildConfigurationList = 1567A10E2136952D00ABDAE5 /* Build configuration list for PBXNativeTarget "BaseAppFrameworkSwift" */;
			buildPhases = (
				1BF07D0C9176B2401372D1AD /* [CP] Check Pods Manifest.lock */,
				1567A0E22136952D00ABDAE5 /* Sources */,
				1567A0E32136952D00ABDAE5 /* Frameworks */,
				1567A0E42136952D00ABDAE5 /* Resources */,
				EB626E19CDCDC576474A9354 /* [CP] Embed Pods Frameworks */,
				D74D0DA40BCF9A332291EEC7 /* [CP] Copy Pods Resources */,
			);
			buildRules = (
			);
			dependencies = (
			);
			name = BaseAppFrameworkSwift;
			productName = BaseAppFrameworkSwift;
			productReference = 1567A0E62136952D00ABDAE5 /* BaseAppFrameworkSwift.app */;
			productType = "com.apple.product-type.application";
		};
		1567A0F92136952D00ABDAE5 /* BaseAppFrameworkSwiftTests */ = {
			isa = PBXNativeTarget;
			buildConfigurationList = 1567A1112136952D00ABDAE5 /* Build configuration list for PBXNativeTarget "BaseAppFrameworkSwiftTests" */;
			buildPhases = (
				1567A0F62136952D00ABDAE5 /* Sources */,
				1567A0F72136952D00ABDAE5 /* Frameworks */,
				1567A0F82136952D00ABDAE5 /* Resources */,
			);
			buildRules = (
			);
			dependencies = (
				1567A0FC2136952D00ABDAE5 /* PBXTargetDependency */,
			);
			name = BaseAppFrameworkSwiftTests;
			productName = BaseAppFrameworkSwiftTests;
			productReference = 1567A0FA2136952D00ABDAE5 /* BaseAppFrameworkSwiftTests.xctest */;
			productType = "com.apple.product-type.bundle.unit-test";
		};
		1567A1042136952D00ABDAE5 /* BaseAppFrameworkSwiftUITests */ = {
			isa = PBXNativeTarget;
			buildConfigurationList = 1567A1142136952D00ABDAE5 /* Build configuration list for PBXNativeTarget "BaseAppFrameworkSwiftUITests" */;
			buildPhases = (
				1567A1012136952D00ABDAE5 /* Sources */,
				1567A1022136952D00ABDAE5 /* Frameworks */,
				1567A1032136952D00ABDAE5 /* Resources */,
			);
			buildRules = (
			);
			dependencies = (
				1567A1072136952D00ABDAE5 /* PBXTargetDependency */,
			);
			name = BaseAppFrameworkSwiftUITests;
			productName = BaseAppFrameworkSwiftUITests;
			productReference = 1567A1052136952D00ABDAE5 /* BaseAppFrameworkSwiftUITests.xctest */;
			productType = "com.apple.product-type.bundle.ui-testing";
		};
/* End PBXNativeTarget section */

/* Begin PBXProject section */
		1567A0DE2136952D00ABDAE5 /* Project object */ = {
			isa = PBXProject;
			attributes = {
				LastSwiftUpdateCheck = 0920;
				LastUpgradeCheck = 0920;
				ORGANIZATIONNAME = AnyApp;
				TargetAttributes = {
					1567A0E52136952D00ABDAE5 = {
						CreatedOnToolsVersion = 9.2;
						ProvisioningStyle = Automatic;
					};
					1567A0F92136952D00ABDAE5 = {
						CreatedOnToolsVersion = 9.2;
						ProvisioningStyle = Automatic;
						TestTargetID = 1567A0E52136952D00ABDAE5;
					};
					1567A1042136952D00ABDAE5 = {
						CreatedOnToolsVersion = 9.2;
						ProvisioningStyle = Automatic;
						TestTargetID = 1567A0E52136952D00ABDAE5;
					};
				};
			};
			buildConfigurationList = 1567A0E12136952D00ABDAE5 /* Build configuration list for PBXProject "BaseAppFrameworkSwift" */;
			compatibilityVersion = "Xcode 8.0";
			developmentRegion = en;
			hasScannedForEncodings = 0;
			knownRegions = (
				en,
				Base,
			);
			mainGroup = 1567A0DD2136952D00ABDAE5;
			productRefGroup = 1567A0E72136952D00ABDAE5 /* Products */;
			projectDirPath = "";
			projectRoot = "";
			targets = (
				1567A0E52136952D00ABDAE5 /* BaseAppFrameworkSwift */,
				1567A0F92136952D00ABDAE5 /* BaseAppFrameworkSwiftTests */,
				1567A1042136952D00ABDAE5 /* BaseAppFrameworkSwiftUITests */,
			);
		};
/* End PBXProject section */

/* Begin PBXResourcesBuildPhase section */
		1567A0E42136952D00ABDAE5 /* Resources */ = {
			isa = PBXResourcesBuildPhase;
			buildActionMask = 2147483647;
			files = (
				1567A0F42136952D00ABDAE5 /* LaunchScreen.storyboard in Resources */,
				1567A0F12136952D00ABDAE5 /* Assets.xcassets in Resources */,
				1567A0EF2136952D00ABDAE5 /* Main.storyboard in Resources */,
			);
			runOnlyForDeploymentPostprocessing = 0;
		};
		1567A0F82136952D00ABDAE5 /* Resources */ = {
			isa = PBXResourcesBuildPhase;
			buildActionMask = 2147483647;
			files = (
			);
			runOnlyForDeploymentPostprocessing = 0;
		};
		1567A1032136952D00ABDAE5 /* Resources */ = {
			isa = PBXResourcesBuildPhase;
			buildActionMask = 2147483647;
			files = (
			);
			runOnlyForDeploymentPostprocessing = 0;
		};
/* End PBXResourcesBuildPhase section */

/* Begin PBXShellScriptBuildPhase section */
		1BF07D0C9176B2401372D1AD /* [CP] Check Pods Manifest.lock */ = {
			isa = PBXShellScriptBuildPhase;
			buildActionMask = 2147483647;
			files = (
			);
			inputPaths = (
				"${PODS_PODFILE_DIR_PATH}/Podfile.lock",
				"${PODS_ROOT}/Manifest.lock",
			);
			name = "[CP] Check Pods Manifest.lock";
			outputPaths = (
				"$(DERIVED_FILE_DIR)/Pods-BaseAppFrameworkSwift-checkManifestLockResult.txt",
			);
			runOnlyForDeploymentPostprocessing = 0;
			shellPath = /bin/sh;
			shellScript = "diff \"${PODS_PODFILE_DIR_PATH}/Podfile.lock\" \"${PODS_ROOT}/Manifest.lock\" > /dev/null\nif [ $? != 0 ] ; then\n    # print error to STDERR\n    echo \"error: The sandbox is not in sync with the Podfile.lock. Run 'pod install' or update your CocoaPods installation.\" >&2\n    exit 1\nfi\n# This output is used by Xcode 'outputs' to avoid re-running this script phase.\necho \"SUCCESS\" > \"${SCRIPT_OUTPUT_FILE_0}\"\n";
			showEnvVarsInLog = 0;
		};
		D74D0DA40BCF9A332291EEC7 /* [CP] Copy Pods Resources */ = {
			isa = PBXShellScriptBuildPhase;
			buildActionMask = 2147483647;
			files = (
			);
			inputPaths = (
			);
			name = "[CP] Copy Pods Resources";
			outputPaths = (
			);
			runOnlyForDeploymentPostprocessing = 0;
			shellPath = /bin/sh;
			shellScript = "\"${SRCROOT}/Pods/Target Support Files/Pods-BaseAppFrameworkSwift/Pods-BaseAppFrameworkSwift-resources.sh\"\n";
			showEnvVarsInLog = 0;
		};
		EB626E19CDCDC576474A9354 /* [CP] Embed Pods Frameworks */ = {
			isa = PBXShellScriptBuildPhase;
			buildActionMask = 2147483647;
			files = (
			);
			inputPaths = (
				"${SRCROOT}/Pods/Target Support Files/Pods-BaseAppFrameworkSwift/Pods-BaseAppFrameworkSwift-frameworks.sh",
				"${BUILT_PRODUCTS_DIR}/Alamofire/Alamofire.framework",
				"${BUILT_PRODUCTS_DIR}/MJExtension/MJExtension.framework",
				"${BUILT_PRODUCTS_DIR}/SnapKit/SnapKit.framework",
				"${BUILT_PRODUCTS_DIR}/SwiftyJSON/SwiftyJSON.framework",
				"${BUILT_PRODUCTS_DIR}/YYKit/YYKit.framework",
			);
			name = "[CP] Embed Pods Frameworks";
			outputPaths = (
				"${TARGET_BUILD_DIR}/${FRAMEWORKS_FOLDER_PATH}/Alamofire.framework",
				"${TARGET_BUILD_DIR}/${FRAMEWORKS_FOLDER_PATH}/MJExtension.framework",
				"${TARGET_BUILD_DIR}/${FRAMEWORKS_FOLDER_PATH}/SnapKit.framework",
				"${TARGET_BUILD_DIR}/${FRAMEWORKS_FOLDER_PATH}/SwiftyJSON.framework",
				"${TARGET_BUILD_DIR}/${FRAMEWORKS_FOLDER_PATH}/YYKit.framework",
			);
			runOnlyForDeploymentPostprocessing = 0;
			shellPath = /bin/sh;
			shellScript = "\"${SRCROOT}/Pods/Target Support Files/Pods-BaseAppFrameworkSwift/Pods-BaseAppFrameworkSwift-frameworks.sh\"\n";
			showEnvVarsInLog = 0;
		};
/* End PBXShellScriptBuildPhase section */

/* Begin PBXSourcesBuildPhase section */
		1567A0E22136952D00ABDAE5 /* Sources */ = {
			isa = PBXSourcesBuildPhase;
			buildActionMask = 2147483647;
			files = (
				152ACCEC2137B88700B8CF1E /* UIColor+Category.swift in Sources */,
				1567A0EC2136952D00ABDAE5 /* ViewController.swift in Sources */,
				152ACCF32137B88700B8CF1E /* UIView+Category.swift in Sources */,
				1567A0EA2136952D00ABDAE5 /* AppDelegate.swift in Sources */,
				152ACCF12137B88700B8CF1E /* UIImage+Category.swift in Sources */,
				152ACCFD2137BB0000B8CF1E /* FPSLabel.swift in Sources */,
				1567A13121369B5900ABDAE5 /* SPNavigationController.swift in Sources */,
				152ACCD42137902400B8CF1E /* HttpTool.swift in Sources */,
				152ACCE22137B80C00B8CF1E /* HttpConst.swift in Sources */,
				152ACCE32137B80C00B8CF1E /* Const.swift in Sources */,
				15F0B7D72138DAFB00B35629 /* UserInfoTool.swift in Sources */,
				152ACCFA2137BAC900B8CF1E /* BaseViewController.m in Sources */,
				1567A13321369D0300ABDAE5 /* SPTabBarController.swift in Sources */,
				152ACCF02137B88700B8CF1E /* UIBarButtonItem+Categary.swift in Sources */,
				152ACCEF2137B88700B8CF1E /* NSDate+Category.swift in Sources */,
				1567A12A2136982600ABDAE5 /* HomeViewController.swift in Sources */,
				152ACCF22137B88700B8CF1E /* String+Category.swift in Sources */,
				152ACCED2137B88700B8CF1E /* NavigationController+Category.swift in Sources */,
			);
			runOnlyForDeploymentPostprocessing = 0;
		};
		1567A0F62136952D00ABDAE5 /* Sources */ = {
			isa = PBXSourcesBuildPhase;
			buildActionMask = 2147483647;
			files = (
				1567A0FF2136952D00ABDAE5 /* BaseAppFrameworkSwiftTests.swift in Sources */,
			);
			runOnlyForDeploymentPostprocessing = 0;
		};
		1567A1012136952D00ABDAE5 /* Sources */ = {
			isa = PBXSourcesBuildPhase;
			buildActionMask = 2147483647;
			files = (
				1567A10A2136952D00ABDAE5 /* BaseAppFrameworkSwiftUITests.swift in Sources */,
			);
			runOnlyForDeploymentPostprocessing = 0;
		};
/* End PBXSourcesBuildPhase section */

/* Begin PBXTargetDependency section */
		1567A0FC2136952D00ABDAE5 /* PBXTargetDependency */ = {
			isa = PBXTargetDependency;
			target = 1567A0E52136952D00ABDAE5 /* BaseAppFrameworkSwift */;
			targetProxy = 1567A0FB2136952D00ABDAE5 /* PBXContainerItemProxy */;
		};
		1567A1072136952D00ABDAE5 /* PBXTargetDependency */ = {
			isa = PBXTargetDependency;
			target = 1567A0E52136952D00ABDAE5 /* BaseAppFrameworkSwift */;
			targetProxy = 1567A1062136952D00ABDAE5 /* PBXContainerItemProxy */;
		};
/* End PBXTargetDependency section */

/* Begin PBXVariantGroup section */
		1567A0ED2136952D00ABDAE5 /* Main.storyboard */ = {
			isa = PBXVariantGroup;
			children = (
				1567A0EE2136952D00ABDAE5 /* Base */,
			);
			name = Main.storyboard;
			sourceTree = "<group>";
		};
		1567A0F22136952D00ABDAE5 /* LaunchScreen.storyboard */ = {
			isa = PBXVariantGroup;
			children = (
				1567A0F32136952D00ABDAE5 /* Base */,
			);
			name = LaunchScreen.storyboard;
			sourceTree = "<group>";
		};
/* End PBXVariantGroup section */

/* Begin XCBuildConfiguration section */
		1567A10C2136952D00ABDAE5 /* Debug */ = {
			isa = XCBuildConfiguration;
			buildSettings = {
				ALWAYS_SEARCH_USER_PATHS = NO;
				CLANG_ANALYZER_NONNULL = YES;
				CLANG_ANALYZER_NUMBER_OBJECT_CONVERSION = YES_AGGRESSIVE;
				CLANG_CXX_LANGUAGE_STANDARD = "gnu++14";
				CLANG_CXX_LIBRARY = "libc++";
				CLANG_ENABLE_MODULES = YES;
				CLANG_ENABLE_OBJC_ARC = YES;
				CLANG_WARN_BLOCK_CAPTURE_AUTORELEASING = YES;
				CLANG_WARN_BOOL_CONVERSION = YES;
				CLANG_WARN_COMMA = YES;
				CLANG_WARN_CONSTANT_CONVERSION = YES;
				CLANG_WARN_DIRECT_OBJC_ISA_USAGE = YES_ERROR;
				CLANG_WARN_DOCUMENTATION_COMMENTS = YES;
				CLANG_WARN_EMPTY_BODY = YES;
				CLANG_WARN_ENUM_CONVERSION = YES;
				CLANG_WARN_INFINITE_RECURSION = YES;
				CLANG_WARN_INT_CONVERSION = YES;
				CLANG_WARN_NON_LITERAL_NULL_CONVERSION = YES;
				CLANG_WARN_OBJC_LITERAL_CONVERSION = YES;
				CLANG_WARN_OBJC_ROOT_CLASS = YES_ERROR;
				CLANG_WARN_RANGE_LOOP_ANALYSIS = YES;
				CLANG_WARN_STRICT_PROTOTYPES = YES;
				CLANG_WARN_SUSPICIOUS_MOVE = YES;
				CLANG_WARN_UNGUARDED_AVAILABILITY = YES_AGGRESSIVE;
				CLANG_WARN_UNREACHABLE_CODE = YES;
				CLANG_WARN__DUPLICATE_METHOD_MATCH = YES;
				CODE_SIGN_IDENTITY = "iPhone Developer";
				COPY_PHASE_STRIP = NO;
				DEBUG_INFORMATION_FORMAT = dwarf;
				ENABLE_STRICT_OBJC_MSGSEND = YES;
				ENABLE_TESTABILITY = YES;
				GCC_C_LANGUAGE_STANDARD = gnu11;
				GCC_DYNAMIC_NO_PIC = NO;
				GCC_NO_COMMON_BLOCKS = YES;
				GCC_OPTIMIZATION_LEVEL = 0;
				GCC_PREPROCESSOR_DEFINITIONS = (
					"DEBUG=1",
					"$(inherited)",
				);
				GCC_WARN_64_TO_32_BIT_CONVERSION = YES;
				GCC_WARN_ABOUT_RETURN_TYPE = YES_ERROR;
				GCC_WARN_UNDECLARED_SELECTOR = YES;
				GCC_WARN_UNINITIALIZED_AUTOS = YES_AGGRESSIVE;
				GCC_WARN_UNUSED_FUNCTION = YES;
				GCC_WARN_UNUSED_VARIABLE = YES;
				IPHONEOS_DEPLOYMENT_TARGET = 11.2;
				MTL_ENABLE_DEBUG_INFO = YES;
				ONLY_ACTIVE_ARCH = YES;
				SDKROOT = iphoneos;
				SWIFT_ACTIVE_COMPILATION_CONDITIONS = DEBUG;
				SWIFT_OPTIMIZATION_LEVEL = "-Onone";
			};
			name = Debug;
		};
		1567A10D2136952D00ABDAE5 /* Release */ = {
			isa = XCBuildConfiguration;
			buildSettings = {
				ALWAYS_SEARCH_USER_PATHS = NO;
				CLANG_ANALYZER_NONNULL = YES;
				CLANG_ANALYZER_NUMBER_OBJECT_CONVERSION = YES_AGGRESSIVE;
				CLANG_CXX_LANGUAGE_STANDARD = "gnu++14";
				CLANG_CXX_LIBRARY = "libc++";
				CLANG_ENABLE_MODULES = YES;
				CLANG_ENABLE_OBJC_ARC = YES;
				CLANG_WARN_BLOCK_CAPTURE_AUTORELEASING = YES;
				CLANG_WARN_BOOL_CONVERSION = YES;
				CLANG_WARN_COMMA = YES;
				CLANG_WARN_CONSTANT_CONVERSION = YES;
				CLANG_WARN_DIRECT_OBJC_ISA_USAGE = YES_ERROR;
				CLANG_WARN_DOCUMENTATION_COMMENTS = YES;
				CLANG_WARN_EMPTY_BODY = YES;
				CLANG_WARN_ENUM_CONVERSION = YES;
				CLANG_WARN_INFINITE_RECURSION = YES;
				CLANG_WARN_INT_CONVERSION = YES;
				CLANG_WARN_NON_LITERAL_NULL_CONVERSION = YES;
				CLANG_WARN_OBJC_LITERAL_CONVERSION = YES;
				CLANG_WARN_OBJC_ROOT_CLASS = YES_ERROR;
				CLANG_WARN_RANGE_LOOP_ANALYSIS = YES;
				CLANG_WARN_STRICT_PROTOTYPES = YES;
				CLANG_WARN_SUSPICIOUS_MOVE = YES;
				CLANG_WARN_UNGUARDED_AVAILABILITY = YES_AGGRESSIVE;
				CLANG_WARN_UNREACHABLE_CODE = YES;
				CLANG_WARN__DUPLICATE_METHOD_MATCH = YES;
				CODE_SIGN_IDENTITY = "iPhone Developer";
				COPY_PHASE_STRIP = NO;
				DEBUG_INFORMATION_FORMAT = "dwarf-with-dsym";
				ENABLE_NS_ASSERTIONS = NO;
				ENABLE_STRICT_OBJC_MSGSEND = YES;
				GCC_C_LANGUAGE_STANDARD = gnu11;
				GCC_NO_COMMON_BLOCKS = YES;
				GCC_WARN_64_TO_32_BIT_CONVERSION = YES;
				GCC_WARN_ABOUT_RETURN_TYPE = YES_ERROR;
				GCC_WARN_UNDECLARED_SELECTOR = YES;
				GCC_WARN_UNINITIALIZED_AUTOS = YES_AGGRESSIVE;
				GCC_WARN_UNUSED_FUNCTION = YES;
				GCC_WARN_UNUSED_VARIABLE = YES;
				IPHONEOS_DEPLOYMENT_TARGET = 11.2;
				MTL_ENABLE_DEBUG_INFO = NO;
				SDKROOT = iphoneos;
				SWIFT_OPTIMIZATION_LEVEL = "-Owholemodule";
				VALIDATE_PRODUCT = YES;
			};
			name = Release;
		};
		1567A10F2136952D00ABDAE5 /* Debug */ = {
			isa = XCBuildConfiguration;
			baseConfigurationReference = CC0F3EE1D6772D214CDDACB3 /* Pods-BaseAppFrameworkSwift.debug.xcconfig */;
			buildSettings = {
				ASSETCATALOG_COMPILER_APPICON_NAME = AppIcon;
				CODE_SIGN_STYLE = Automatic;
				DEVELOPMENT_TEAM = G2AKLYZSN2;
				INFOPLIST_FILE = "$(SRCROOT)/BaseAppFrameworkSwift/Resource/Plist/Info.plist";
				IPHONEOS_DEPLOYMENT_TARGET = 10.0;
				LD_RUNPATH_SEARCH_PATHS = "$(inherited) @executable_path/Frameworks";
				PRODUCT_BUNDLE_IDENTIFIER = com.zhishen.BaseAppFrameworkSwift;
				PRODUCT_NAME = "$(TARGET_NAME)";
				SWIFT_OBJC_BRIDGING_HEADER = "BaseAppFrameworkSwift/Bridging-Header.h";
				SWIFT_VERSION = 4.0;
				TARGETED_DEVICE_FAMILY = "1,2";
			};
			name = Debug;
		};
		1567A1102136952D00ABDAE5 /* Release */ = {
			isa = XCBuildConfiguration;
			baseConfigurationReference = 6E90DB002493CE74E00ED9E7 /* Pods-BaseAppFrameworkSwift.release.xcconfig */;
			buildSettings = {
				ASSETCATALOG_COMPILER_APPICON_NAME = AppIcon;
				CODE_SIGN_STYLE = Automatic;
				DEVELOPMENT_TEAM = G2AKLYZSN2;
				INFOPLIST_FILE = "$(SRCROOT)/BaseAppFrameworkSwift/Resource/Plist/Info.plist";
				IPHONEOS_DEPLOYMENT_TARGET = 10.0;
				LD_RUNPATH_SEARCH_PATHS = "$(inherited) @executable_path/Frameworks";
				PRODUCT_BUNDLE_IDENTIFIER = com.zhishen.BaseAppFrameworkSwift;
				PRODUCT_NAME = "$(TARGET_NAME)";
				SWIFT_OBJC_BRIDGING_HEADER = "BaseAppFrameworkSwift/Bridging-Header.h";
				SWIFT_VERSION = 4.0;
				TARGETED_DEVICE_FAMILY = "1,2";
			};
			name = Release;
		};
		1567A1122136952D00ABDAE5 /* Debug */ = {
			isa = XCBuildConfiguration;
			buildSettings = {
				ALWAYS_EMBED_SWIFT_STANDARD_LIBRARIES = YES;
				BUNDLE_LOADER = "$(TEST_HOST)";
				CODE_SIGN_STYLE = Automatic;
				INFOPLIST_FILE = BaseAppFrameworkSwiftTests/Info.plist;
				LD_RUNPATH_SEARCH_PATHS = "$(inherited) @executable_path/Frameworks @loader_path/Frameworks";
				PRODUCT_BUNDLE_IDENTIFIER = com.zhishen.BaseAppFrameworkSwiftTests;
				PRODUCT_NAME = "$(TARGET_NAME)";
				SWIFT_VERSION = 4.0;
				TARGETED_DEVICE_FAMILY = "1,2";
				TEST_HOST = "$(BUILT_PRODUCTS_DIR)/BaseAppFrameworkSwift.app/BaseAppFrameworkSwift";
			};
			name = Debug;
		};
		1567A1132136952D00ABDAE5 /* Release */ = {
			isa = XCBuildConfiguration;
			buildSettings = {
				ALWAYS_EMBED_SWIFT_STANDARD_LIBRARIES = YES;
				BUNDLE_LOADER = "$(TEST_HOST)";
				CODE_SIGN_STYLE = Automatic;
				INFOPLIST_FILE = BaseAppFrameworkSwiftTests/Info.plist;
				LD_RUNPATH_SEARCH_PATHS = "$(inherited) @executable_path/Frameworks @loader_path/Frameworks";
				PRODUCT_BUNDLE_IDENTIFIER = com.zhishen.BaseAppFrameworkSwiftTests;
				PRODUCT_NAME = "$(TARGET_NAME)";
				SWIFT_VERSION = 4.0;
				TARGETED_DEVICE_FAMILY = "1,2";
				TEST_HOST = "$(BUILT_PRODUCTS_DIR)/BaseAppFrameworkSwift.app/BaseAppFrameworkSwift";
			};
			name = Release;
		};
		1567A1152136952D00ABDAE5 /* Debug */ = {
			isa = XCBuildConfiguration;
			buildSettings = {
				ALWAYS_EMBED_SWIFT_STANDARD_LIBRARIES = YES;
				CODE_SIGN_STYLE = Automatic;
				INFOPLIST_FILE = BaseAppFrameworkSwiftUITests/Info.plist;
				LD_RUNPATH_SEARCH_PATHS = "$(inherited) @executable_path/Frameworks @loader_path/Frameworks";
				PRODUCT_BUNDLE_IDENTIFIER = com.zhishen.BaseAppFrameworkSwiftUITests;
				PRODUCT_NAME = "$(TARGET_NAME)";
				SWIFT_VERSION = 4.0;
				TARGETED_DEVICE_FAMILY = "1,2";
				TEST_TARGET_NAME = BaseAppFrameworkSwift;
			};
			name = Debug;
		};
		1567A1162136952D00ABDAE5 /* Release */ = {
			isa = XCBuildConfiguration;
			buildSettings = {
				ALWAYS_EMBED_SWIFT_STANDARD_LIBRARIES = YES;
				CODE_SIGN_STYLE = Automatic;
				INFOPLIST_FILE = BaseAppFrameworkSwiftUITests/Info.plist;
				LD_RUNPATH_SEARCH_PATHS = "$(inherited) @executable_path/Frameworks @loader_path/Frameworks";
				PRODUCT_BUNDLE_IDENTIFIER = com.zhishen.BaseAppFrameworkSwiftUITests;
				PRODUCT_NAME = "$(TARGET_NAME)";
				SWIFT_VERSION = 4.0;
				TARGETED_DEVICE_FAMILY = "1,2";
				TEST_TARGET_NAME = BaseAppFrameworkSwift;
			};
			name = Release;
		};
/* End XCBuildConfiguration section */

/* Begin XCConfigurationList section */
		1567A0E12136952D00ABDAE5 /* Build configuration list for PBXProject "BaseAppFrameworkSwift" */ = {
			isa = XCConfigurationList;
			buildConfigurations = (
				1567A10C2136952D00ABDAE5 /* Debug */,
				1567A10D2136952D00ABDAE5 /* Release */,
			);
			defaultConfigurationIsVisible = 0;
			defaultConfigurationName = Release;
		};
		1567A10E2136952D00ABDAE5 /* Build configuration list for PBXNativeTarget "BaseAppFrameworkSwift" */ = {
			isa = XCConfigurationList;
			buildConfigurations = (
				1567A10F2136952D00ABDAE5 /* Debug */,
				1567A1102136952D00ABDAE5 /* Release */,
			);
			defaultConfigurationIsVisible = 0;
			defaultConfigurationName = Release;
		};
		1567A1112136952D00ABDAE5 /* Build configuration list for PBXNativeTarget "BaseAppFrameworkSwiftTests" */ = {
			isa = XCConfigurationList;
			buildConfigurations = (
				1567A1122136952D00ABDAE5 /* Debug */,
				1567A1132136952D00ABDAE5 /* Release */,
			);
			defaultConfigurationIsVisible = 0;
			defaultConfigurationName = Release;
		};
		1567A1142136952D00ABDAE5 /* Build configuration list for PBXNativeTarget "BaseAppFrameworkSwiftUITests" */ = {
			isa = XCConfigurationList;
			buildConfigurations = (
				1567A1152136952D00ABDAE5 /* Debug */,
				1567A1162136952D00ABDAE5 /* Release */,
			);
			defaultConfigurationIsVisible = 0;
			defaultConfigurationName = Release;
		};
/* End XCConfigurationList section */
	};
	rootObject = 1567A0DE2136952D00ABDAE5 /* Project object */;
}
